
Microsoft Visual Studio Solution File, Format Version 12.00
# Visual Studio Version 17
VisualStudioVersion = 17.14.36429.23 d17.14
MinimumVisualStudioVersion = 10.0.40219.1
Project("{FAE04EC0-301F-11D3-BF4B-00C04F79EFBC}") = "YPPDotNetTrainingBatch3.ConsoleApp", "YPPDotNetTrainingBatch3.ConsoleApp\YPPDotNetTrainingBatch3.ConsoleApp.csproj", "{9F83BA38-EEB1-4441-843A-7FF1DA95A748}"
EndProject
Global
	GlobalSection(SolutionConfigurationPlatforms) = preSolution
		Debug|Any CPU = Debug|Any CPU
		Release|Any CPU = Release|Any CPU
	EndGlobalSection
	GlobalSection(ProjectConfigurationPlatforms) = postSolution
		{9F83BA38-EEB1-4441-843A-7FF1DA95A748}.Debug|Any CPU.ActiveCfg = Debug|Any CPU
		{9F83BA38-EEB1-4441-843A-7FF1DA95A748}.Debug|Any CPU.Build.0 = Debug|Any CPU
		{9F83BA38-EEB1-4441-843A-7FF1DA95A748}.Release|Any CPU.ActiveCfg = Release|Any CPU
		{9F83BA38-EEB1-4441-843A-7FF1DA95A748}.Release|Any CPU.Build.0 = Release|Any CPU
	EndGlobalSection
	GlobalSection(SolutionProperties) = preSolution
		HideSolutionNode = FALSE
	EndGlobalSection
	GlobalSection(ExtensibilityGlobals) = postSolution
		SolutionGuid = {E314D31F-CAAB-42D4-BBC5-9DED81F79A0F}
	EndGlobalSection
EndGlobal
